<?xml version="1.0" encoding="UTF-8" standalone="yes" ?>
<CodeBlocks_project_file>
	<FileVersion major="1" minor="6" />
	<Project>
		<Option title="AnimalFighter" />
		<Option pch_mode="2" />
		<Option compiler="gcc" />
		<Build>
			<Target title="Debug">
				<Option output="AnimalFighter" prefix_auto="1" extension_auto="1" />
				<Option object_output="obj\Debug\" />
				<Option type="1" />
				<Option compiler="gcc" />
				<Compiler>
					<Add option="-g" />
				</Compiler>
				<Linker>
					<Add option="-lsfml-window" />
					<Add option="-lsfml-system" />
					<Add option="-lsfml-graphics" />
					<Add option="-lsfml-audio" />
				</Linker>
			</Target>
		</Build>
		<Compiler>
			<Add option="-Wall" />
			<Add option="-fexceptions" />
		</Compiler>
		<Linker>
			<Add library="C:\Dokumentumok\Pázmány ITK\5.félév\Haladó C++\Box2D_v2.0.1\Box2D\Library\libBox2D.a" />
		</Linker>
		<Unit filename="Application.cpp" />
		<Unit filename="Application.hpp" />
		<Unit filename="Bullet.cpp" />
		<Unit filename="Bullet.hpp" />
		<Unit filename="Button.cpp" />
		<Unit filename="Button.hpp" />
		<Unit filename="ContactListener.cpp" />
		<Unit filename="ContactListener.hpp" />
		<Unit filename="Game.cpp" />
		<Unit filename="Game.hpp" />
		<Unit filename="GameLogic.cpp" />
		<Unit filename="GameLogic.hpp" />
		<Unit filename="Grenade.cpp" />
		<Unit filename="Grenade.hpp" />
		<Unit filename="Menu.cpp" />
		<Unit filename="Menu.hpp" />
		<Unit filename="Rifle.cpp" />
		<Unit filename="Rifle.hpp" />
		<Unit filename="Snail.cpp" />
		<Unit filename="Snail.hpp" />
		<Unit filename="TempObjectHandler.cpp" />
		<Unit filename="TempObjectHandler.hpp" />
		<Unit filename="Weapon.cpp" />
		<Unit filename="Weapon.hpp" />
		<Unit filename="main.cpp" />
		<Extensions>
			<code_completion />
			<debugger />
		</Extensions>
	</Project>
</CodeBlocks_project_file>
