<?xml version="1.0" encoding="UTF-8" standalone="yes" ?>
<CodeBlocks_project_file>
	<FileVersion major="1" minor="6" />
	<Project>
		<Option title="AnimalFighter" />
		<Option pch_mode="2" />
		<Option compiler="gcc" />
		<Option virtualFolders="Network\;Objects\;Surface\;Game\;FieldEvents\;" />
		<Build>
			<Target title="Debug">
				<Option output="AnimalFighter" prefix_auto="1" extension_auto="1" />
				<Option object_output="obj\Debug\" />
				<Option type="1" />
				<Option compiler="gcc" />
				<Compiler>
					<Add option="-g" />
					<Add directory="C:\Dokumentumok\Pázmány ITK\5.félév\Haladó C++\SFML\SFML-1.5\include" />
					<Add directory="C:\Dokumentumok\Pázmány ITK\5.félév\Haladó C++\Box2D_v2.0.1" />
				</Compiler>
				<Linker>
					<Add option="-lsfml-window" />
					<Add option="-lsfml-system" />
					<Add option="-lsfml-graphics" />
					<Add option="-lsfml-audio" />
					<Add option="-lsfml-network" />
					<Add library="D:\CsigaGame\Box2D_v2.0.1\Box2D\Library\libBox2D.a" />
					<Add directory="C:\Dokumentumok\Pázmány ITK\5.félév\Haladó C++\SFML\SFML-1.5\lib\mingw" />
				</Linker>
			</Target>
		</Build>
		<Compiler>
			<Add option="-Wall" />
			<Add option="-fexceptions" />
			<Add directory="..\..\SFML-1.5\include" />
		</Compiler>
		<Linker>
			<Add library="..\Box2D_v2.0.1\Box2D\Library\libBox2D.a" />
			<Add directory="..\..\SFML-1.5\lib\mingw" />
		</Linker>
		<Unit filename="Application.cpp">
			<Option virtualFolder="Game\" />
		</Unit>
		<Unit filename="Application.hpp">
			<Option virtualFolder="Game\" />
		</Unit>
		<Unit filename="Bullet.cpp">
			<Option virtualFolder="Objects\" />
		</Unit>
		<Unit filename="Bullet.hpp">
			<Option virtualFolder="Objects\" />
		</Unit>
		<Unit filename="Button.cpp">
			<Option virtualFolder="Surface\" />
		</Unit>
		<Unit filename="Button.hpp">
			<Option virtualFolder="Surface\" />
		</Unit>
		<Unit filename="ContactListener.cpp">
			<Option virtualFolder="Game\" />
		</Unit>
		<Unit filename="ContactListener.hpp">
			<Option virtualFolder="Game\" />
		</Unit>
		<Unit filename="Event.cpp">
			<Option virtualFolder="FieldEvents\" />
		</Unit>
		<Unit filename="Event.hpp">
			<Option virtualFolder="FieldEvents\" />
		</Unit>
		<Unit filename="Game.cpp">
			<Option virtualFolder="Game\" />
		</Unit>
		<Unit filename="Game.hpp">
			<Option virtualFolder="Game\" />
		</Unit>
		<Unit filename="GameLogic.cpp">
			<Option virtualFolder="Game\" />
		</Unit>
		<Unit filename="GameLogic.hpp">
			<Option virtualFolder="Game\" />
		</Unit>
		<Unit filename="Grenade.cpp">
			<Option virtualFolder="Objects\" />
		</Unit>
		<Unit filename="Grenade.hpp">
			<Option virtualFolder="Objects\" />
		</Unit>
		<Unit filename="InputTextField.cpp">
			<Option virtualFolder="Surface\" />
		</Unit>
		<Unit filename="InputTextField.hpp">
			<Option virtualFolder="Surface\" />
		</Unit>
		<Unit filename="Menu.cpp">
			<Option virtualFolder="Surface\" />
		</Unit>
		<Unit filename="Menu.hpp">
			<Option virtualFolder="Surface\" />
		</Unit>
		<Unit filename="MoveEvent.cpp" />
		<Unit filename="MoveEvent.hpp">
			<Option virtualFolder="FieldEvents\" />
		</Unit>
		<Unit filename="NetworkInterface.cpp">
			<Option virtualFolder="Network\" />
		</Unit>
		<Unit filename="Object.hpp">
			<Option virtualFolder="Objects\" />
		</Unit>
		<Unit filename="Pool.cpp" />
		<Unit filename="Rifle.cpp">
			<Option virtualFolder="Objects\" />
		</Unit>
		<Unit filename="Rifle.hpp">
			<Option virtualFolder="Objects\" />
		</Unit>
		<Unit filename="Rifle2.cpp">
			<Option virtualFolder="Objects\" />
		</Unit>
		<Unit filename="Rifle2.hpp">
			<Option virtualFolder="Objects\" />
		</Unit>
		<Unit filename="Rifle3.cpp">
			<Option virtualFolder="Objects\" />
		</Unit>
		<Unit filename="Rifle3.hpp">
			<Option virtualFolder="Objects\" />
		</Unit>
		<Unit filename="Snail.cpp">
			<Option virtualFolder="Objects\" />
		</Unit>
		<Unit filename="Snail.hpp">
			<Option virtualFolder="Objects\" />
		</Unit>
		<Unit filename="Stage.cpp">
			<Option virtualFolder="Objects\" />
		</Unit>
		<Unit filename="Stage.hpp">
			<Option virtualFolder="Objects\" />
		</Unit>
		<Unit filename="TempObjectHandler.cpp">
			<Option virtualFolder="Game\" />
		</Unit>
		<Unit filename="TempObjectHandler.hpp">
			<Option virtualFolder="Game\" />
		</Unit>
		<Unit filename="Weapon.cpp">
			<Option virtualFolder="Objects\" />
		</Unit>
		<Unit filename="Weapon.hpp">
			<Option virtualFolder="Objects\" />
		</Unit>
		<Unit filename="main.cpp">
			<Option virtualFolder="Game\" />
		</Unit>
		<Extensions>
			<code_completion />
			<debugger />
		</Extensions>
	</Project>
</CodeBlocks_project_file>
